
Microsoft Visual Studio Solution File, Format Version 12.00
Project("{FAE04EC0-301F-11D3-BF4B-00C04F79EFBC}") = "AswinsIntelligence", "AswinsIntelligence.csproj", "{7D5D93A5-0BA9-4442-B354-A121048C819F}"
EndProject
Global
	GlobalSection(SolutionConfigurationPlatforms) = preSolution
		Debug|Any CPU = Debug|Any CPU
		Release|Any CPU = Release|Any CPU
	EndGlobalSection
	GlobalSection(ProjectConfigurationPlatforms) = postSolution
		{7D5D93A5-0BA9-4442-B354-A121048C819F}.Debug|Any CPU.ActiveCfg = Debug|Any CPU
		{7D5D93A5-0BA9-4442-B354-A121048C819F}.Debug|Any CPU.Build.0 = Debug|Any CPU
		{7D5D93A5-0BA9-4442-B354-A121048C819F}.Release|Any CPU.ActiveCfg = Release|Any CPU
		{7D5D93A5-0BA9-4442-B354-A121048C819F}.Release|Any CPU.Build.0 = Release|Any CPU
	EndGlobalSection
EndGlobal
